
Microsoft Visual Studio Solution File, Format Version 12.00
# Visual Studio Version 17
VisualStudioVersion = 17.9.34728.123
MinimumVisualStudioVersion = 10.0.40219.1
Project("{FAE04EC0-301F-11D3-BF4B-00C04F79EFBC}") = "PlantPlannerDatabasePopulator", "PlantPlannerDatabasePopulator\PlantPlannerDatabasePopulator.csproj", "{60615153-D1BF-4655-940B-73F0198192EE}"
EndProject
Global
	GlobalSection(SolutionConfigurationPlatforms) = preSolution
		Debug|Any CPU = Debug|Any CPU
		Release|Any CPU = Release|Any CPU
	EndGlobalSection
	GlobalSection(ProjectConfigurationPlatforms) = postSolution
		{60615153-D1BF-4655-940B-73F0198192EE}.Debug|Any CPU.ActiveCfg = Debug|Any CPU
		{60615153-D1BF-4655-940B-73F0198192EE}.Debug|Any CPU.Build.0 = Debug|Any CPU
		{60615153-D1BF-4655-940B-73F0198192EE}.Release|Any CPU.ActiveCfg = Release|Any CPU
		{60615153-D1BF-4655-940B-73F0198192EE}.Release|Any CPU.Build.0 = Release|Any CPU
	EndGlobalSection
	GlobalSection(SolutionProperties) = preSolution
		HideSolutionNode = FALSE
	EndGlobalSection
	GlobalSection(ExtensibilityGlobals) = postSolution
		SolutionGuid = {78154665-7826-4BBC-B4DA-58D69B482F8B}
	EndGlobalSection
EndGlobal
